
Microsoft Visual Studio Solution File, Format Version 12.00
# Visual Studio Version 16
VisualStudioVersion = 16.0.31424.327
MinimumVisualStudioVersion = 10.0.40219.1
Project("{FAE04EC0-301F-11D3-BF4B-00C04F79EFBC}") = "BunningsUnitFramework", "BunningsUnitFramework\BunningsUnitFramework.csproj", "{03964CA9-B4F2-420E-AD3A-FB219477820C}"
EndProject
Project("{FAE04EC0-301F-11D3-BF4B-00C04F79EFBC}") = "BunningsProject", "BunningsProject\BunningsProject.csproj", "{E97D8F08-AFCC-4D5F-8A26-81F038D0CA55}"
EndProject
Global
	GlobalSection(SolutionConfigurationPlatforms) = preSolution
		Debug|Any CPU = Debug|Any CPU
		Release|Any CPU = Release|Any CPU
	EndGlobalSection
	GlobalSection(ProjectConfigurationPlatforms) = postSolution
		{03964CA9-B4F2-420E-AD3A-FB219477820C}.Debug|Any CPU.ActiveCfg = Debug|Any CPU
		{03964CA9-B4F2-420E-AD3A-FB219477820C}.Debug|Any CPU.Build.0 = Debug|Any CPU
		{03964CA9-B4F2-420E-AD3A-FB219477820C}.Release|Any CPU.ActiveCfg = Release|Any CPU
		{03964CA9-B4F2-420E-AD3A-FB219477820C}.Release|Any CPU.Build.0 = Release|Any CPU
		{E97D8F08-AFCC-4D5F-8A26-81F038D0CA55}.Debug|Any CPU.ActiveCfg = Debug|Any CPU
		{E97D8F08-AFCC-4D5F-8A26-81F038D0CA55}.Debug|Any CPU.Build.0 = Debug|Any CPU
		{E97D8F08-AFCC-4D5F-8A26-81F038D0CA55}.Release|Any CPU.ActiveCfg = Release|Any CPU
		{E97D8F08-AFCC-4D5F-8A26-81F038D0CA55}.Release|Any CPU.Build.0 = Release|Any CPU
	EndGlobalSection
	GlobalSection(SolutionProperties) = preSolution
		HideSolutionNode = FALSE
	EndGlobalSection
	GlobalSection(ExtensibilityGlobals) = postSolution
		SolutionGuid = {D7822906-B764-42E0-8BBD-6727A8ED8471}
	EndGlobalSection
EndGlobal
